
Microsoft Visual Studio Solution File, Format Version 12.00
# Visual Studio Version 16
VisualStudioVersion = 16.0.30907.101
MinimumVisualStudioVersion = 10.0.40219.1
Project("{9A19103F-16F7-4668-BE54-9A1E7A4F7556}") = "ArtificalOrganicNeuralNetwork", "ArtificalOrganicNeuralNetwork\ArtificalOrganicNeuralNetwork.csproj", "{A8832E7E-AFF8-4487-9334-24356540FA9C}"
EndProject
Project("{9A19103F-16F7-4668-BE54-9A1E7A4F7556}") = "ConsoleSimulation", "ConsoleSimulation\ConsoleSimulation.csproj", "{880EAC36-DBFB-4D33-A9C0-69D5D6445110}"
EndProject
Project("{2150E333-8FDC-42A3-9474-1A3956D46DE8}") = "Solution Items", "Solution Items", "{CF3DE9F2-133F-4F65-AECE-D4D9950ED7FC}"
	ProjectSection(SolutionItems) = preProject
		README.md = README.md
	EndProjectSection
EndProject
Project("{2150E333-8FDC-42A3-9474-1A3956D46DE8}") = "Docs", "Docs", "{D5B6A355-D886-481B-888B-4522247AA095}"
	ProjectSection(SolutionItems) = preProject
		Description.md = Description.md
		ToDo.md = ToDo.md
	EndProjectSection
EndProject
Global
	GlobalSection(SolutionConfigurationPlatforms) = preSolution
		Debug|Any CPU = Debug|Any CPU
		Release|Any CPU = Release|Any CPU
	EndGlobalSection
	GlobalSection(ProjectConfigurationPlatforms) = postSolution
		{A8832E7E-AFF8-4487-9334-24356540FA9C}.Debug|Any CPU.ActiveCfg = Debug|Any CPU
		{A8832E7E-AFF8-4487-9334-24356540FA9C}.Debug|Any CPU.Build.0 = Debug|Any CPU
		{A8832E7E-AFF8-4487-9334-24356540FA9C}.Release|Any CPU.ActiveCfg = Release|Any CPU
		{A8832E7E-AFF8-4487-9334-24356540FA9C}.Release|Any CPU.Build.0 = Release|Any CPU
		{880EAC36-DBFB-4D33-A9C0-69D5D6445110}.Debug|Any CPU.ActiveCfg = Debug|Any CPU
		{880EAC36-DBFB-4D33-A9C0-69D5D6445110}.Debug|Any CPU.Build.0 = Debug|Any CPU
		{880EAC36-DBFB-4D33-A9C0-69D5D6445110}.Release|Any CPU.ActiveCfg = Release|Any CPU
		{880EAC36-DBFB-4D33-A9C0-69D5D6445110}.Release|Any CPU.Build.0 = Release|Any CPU
	EndGlobalSection
	GlobalSection(SolutionProperties) = preSolution
		HideSolutionNode = FALSE
	EndGlobalSection
	GlobalSection(ExtensibilityGlobals) = postSolution
		SolutionGuid = {7A6C9F75-3428-4998-8D3B-146F7A95F84F}
	EndGlobalSection
EndGlobal
